
Microsoft Visual Studio Solution File, Format Version 12.00
# Visual Studio Version 16
VisualStudioVersion = 16.0.29728.190
MinimumVisualStudioVersion = 10.0.40219.1
Project("{2150E333-8FDC-42A3-9474-1A3956D46DE8}") = "Services", "Services", "{BBF1E3FF-166D-4957-9DD0-83E7A2656E57}"
EndProject
Project("{2150E333-8FDC-42A3-9474-1A3956D46DE8}") = "Catalog", "Catalog", "{5BF4EE89-3273-4702-A32E-214A4A3EFBC4}"
EndProject
Project("{9A19103F-16F7-4668-BE54-9A1E7A4F7556}") = "Catalog.API", "Services\Catalog\Catalog.API\Catalog.API.csproj", "{0CFF8F7C-6F95-49ED-8552-2ACBFE900BCE}"
EndProject
Project("{E53339B2-1760-4266-BCC7-CA923CBCF16C}") = "docker-compose", "docker-compose.dcproj", "{664BF2D9-DACB-4BC2-A7AC-C5559477B05F}"
EndProject
Project("{2150E333-8FDC-42A3-9474-1A3956D46DE8}") = "Basket", "Basket", "{B6E0F02E-585A-4583-BF7D-8ABB1B51C22D}"
EndProject
Project("{FAE04EC0-301F-11D3-BF4B-00C04F79EFBC}") = "Basket.API", "Services\Basket\Basket.API\Basket.API.csproj", "{CCC88C5D-E2B4-4043-AA87-F411F54F37F5}"
EndProject
Global
	GlobalSection(SolutionConfigurationPlatforms) = preSolution
		Debug|Any CPU = Debug|Any CPU
		Release|Any CPU = Release|Any CPU
	EndGlobalSection
	GlobalSection(ProjectConfigurationPlatforms) = postSolution
		{0CFF8F7C-6F95-49ED-8552-2ACBFE900BCE}.Debug|Any CPU.ActiveCfg = Debug|Any CPU
		{0CFF8F7C-6F95-49ED-8552-2ACBFE900BCE}.Debug|Any CPU.Build.0 = Debug|Any CPU
		{0CFF8F7C-6F95-49ED-8552-2ACBFE900BCE}.Release|Any CPU.ActiveCfg = Release|Any CPU
		{0CFF8F7C-6F95-49ED-8552-2ACBFE900BCE}.Release|Any CPU.Build.0 = Release|Any CPU
		{664BF2D9-DACB-4BC2-A7AC-C5559477B05F}.Debug|Any CPU.ActiveCfg = Debug|Any CPU
		{664BF2D9-DACB-4BC2-A7AC-C5559477B05F}.Debug|Any CPU.Build.0 = Debug|Any CPU
		{664BF2D9-DACB-4BC2-A7AC-C5559477B05F}.Release|Any CPU.ActiveCfg = Release|Any CPU
		{664BF2D9-DACB-4BC2-A7AC-C5559477B05F}.Release|Any CPU.Build.0 = Release|Any CPU
		{CCC88C5D-E2B4-4043-AA87-F411F54F37F5}.Debug|Any CPU.ActiveCfg = Debug|Any CPU
		{CCC88C5D-E2B4-4043-AA87-F411F54F37F5}.Debug|Any CPU.Build.0 = Debug|Any CPU
		{CCC88C5D-E2B4-4043-AA87-F411F54F37F5}.Release|Any CPU.ActiveCfg = Release|Any CPU
		{CCC88C5D-E2B4-4043-AA87-F411F54F37F5}.Release|Any CPU.Build.0 = Release|Any CPU
	EndGlobalSection
	GlobalSection(SolutionProperties) = preSolution
		HideSolutionNode = FALSE
	EndGlobalSection
	GlobalSection(NestedProjects) = preSolution
		{5BF4EE89-3273-4702-A32E-214A4A3EFBC4} = {BBF1E3FF-166D-4957-9DD0-83E7A2656E57}
		{0CFF8F7C-6F95-49ED-8552-2ACBFE900BCE} = {5BF4EE89-3273-4702-A32E-214A4A3EFBC4}
		{B6E0F02E-585A-4583-BF7D-8ABB1B51C22D} = {BBF1E3FF-166D-4957-9DD0-83E7A2656E57}
		{CCC88C5D-E2B4-4043-AA87-F411F54F37F5} = {B6E0F02E-585A-4583-BF7D-8ABB1B51C22D}
	EndGlobalSection
	GlobalSection(ExtensibilityGlobals) = postSolution
		SolutionGuid = {0B8F611E-815B-446B-A8D5-C5DFC50D1ECE}
	EndGlobalSection
EndGlobal
